
Microsoft Visual Studio Solution File, Format Version 12.00
# Visual Studio 14
VisualStudioVersion = 14.0.25123.0
MinimumVisualStudioVersion = 10.0.40219.1
Project("{2150E333-8FDC-42A3-9474-1A3956D46DE8}") = "Build", "Build", "{0A60205E-35E2-4D91-9647-56D33C1F28AA}"
	ProjectSection(SolutionItems) = preProject
		..\.gitignore = ..\.gitignore
		..\build.cake = ..\build.cake
		..\build.ps1 = ..\build.ps1
		..\paket.dependencies = ..\paket.dependencies
		..\paket.lock = ..\paket.lock
	EndProjectSection
EndProject
Project("{FAE04EC0-301F-11D3-BF4B-00C04F79EFBC}") = "SuperGlue.Hosting.Katana", "SuperGlue.Hosting.Katana\SuperGlue.Hosting.Katana.csproj", "{D8A867D8-46EC-4334-936B-F09B8E930511}"
EndProject
Project("{FAE04EC0-301F-11D3-BF4B-00C04F79EFBC}") = "SuperGlue.Hosting.FastCgi", "SuperGlue.Hosting.FastCgi\SuperGlue.Hosting.FastCgi.csproj", "{3CFEAE6F-30F4-48CA-883B-A507161E068C}"
EndProject
Project("{FAE04EC0-301F-11D3-BF4B-00C04F79EFBC}") = "SuperGlue.Hosting.Aurelia", "SuperGlue.Hosting.Aurelia\SuperGlue.Hosting.Aurelia.csproj", "{3275AD5A-2D35-42AC-8E78-5D8DC1420823}"
EndProject
Project("{FAE04EC0-301F-11D3-BF4B-00C04F79EFBC}") = "SuperGlue.Installers.TopShelf", "SuperGlue.Installers.TopShelf\SuperGlue.Installers.TopShelf.csproj", "{5BAFA805-BACF-471E-8354-6111981DB2BA}"
EndProject
Global
	GlobalSection(SolutionConfigurationPlatforms) = preSolution
		Debug|Any CPU = Debug|Any CPU
		Release|Any CPU = Release|Any CPU
	EndGlobalSection
	GlobalSection(ProjectConfigurationPlatforms) = postSolution
		{D8A867D8-46EC-4334-936B-F09B8E930511}.Debug|Any CPU.ActiveCfg = Debug|Any CPU
		{D8A867D8-46EC-4334-936B-F09B8E930511}.Debug|Any CPU.Build.0 = Debug|Any CPU
		{D8A867D8-46EC-4334-936B-F09B8E930511}.Release|Any CPU.ActiveCfg = Release|Any CPU
		{D8A867D8-46EC-4334-936B-F09B8E930511}.Release|Any CPU.Build.0 = Release|Any CPU
		{3CFEAE6F-30F4-48CA-883B-A507161E068C}.Debug|Any CPU.ActiveCfg = Debug|Any CPU
		{3CFEAE6F-30F4-48CA-883B-A507161E068C}.Debug|Any CPU.Build.0 = Debug|Any CPU
		{3CFEAE6F-30F4-48CA-883B-A507161E068C}.Release|Any CPU.ActiveCfg = Release|Any CPU
		{3CFEAE6F-30F4-48CA-883B-A507161E068C}.Release|Any CPU.Build.0 = Release|Any CPU
		{3275AD5A-2D35-42AC-8E78-5D8DC1420823}.Debug|Any CPU.ActiveCfg = Debug|Any CPU
		{3275AD5A-2D35-42AC-8E78-5D8DC1420823}.Debug|Any CPU.Build.0 = Debug|Any CPU
		{3275AD5A-2D35-42AC-8E78-5D8DC1420823}.Release|Any CPU.ActiveCfg = Release|Any CPU
		{3275AD5A-2D35-42AC-8E78-5D8DC1420823}.Release|Any CPU.Build.0 = Release|Any CPU
		{5BAFA805-BACF-471E-8354-6111981DB2BA}.Debug|Any CPU.ActiveCfg = Debug|Any CPU
		{5BAFA805-BACF-471E-8354-6111981DB2BA}.Debug|Any CPU.Build.0 = Debug|Any CPU
		{5BAFA805-BACF-471E-8354-6111981DB2BA}.Release|Any CPU.ActiveCfg = Release|Any CPU
		{5BAFA805-BACF-471E-8354-6111981DB2BA}.Release|Any CPU.Build.0 = Release|Any CPU
	EndGlobalSection
	GlobalSection(SolutionProperties) = preSolution
		HideSolutionNode = FALSE
	EndGlobalSection
EndGlobal
